// !$*UTF8*$!
{
	archiveVersion = 1;
	classes = {
	};
	objectVersion = 46;
	objects = {

/* Begin PBXBuildFile section */
		BA12D9921DF5787700EB89C5 /* RegisterGroupViewController.swift in Sources */ = {isa = PBXBuildFile; fileRef = BA12D9911DF5787700EB89C5 /* RegisterGroupViewController.swift */; };
		BA12D9941DF5859F00EB89C5 /* Group.swift in Sources */ = {isa = PBXBuildFile; fileRef = BA12D9931DF5859F00EB89C5 /* Group.swift */; };
		BA1E81851DF3D4BC009C4A72 /* Users.swift in Sources */ = {isa = PBXBuildFile; fileRef = BA1E81841DF3D4BC009C4A72 /* Users.swift */; };
		BA1E81871DF40591009C4A72 /* UserData.swift in Sources */ = {isa = PBXBuildFile; fileRef = BA1E81861DF40591009C4A72 /* UserData.swift */; };
		BA3452701DF44A70005A7663 /* ChatViewController.swift in Sources */ = {isa = PBXBuildFile; fileRef = BA34526F1DF44A70005A7663 /* ChatViewController.swift */; };
		BA49A0CF1DF7253900BDDFAD /* groups.png in Resources */ = {isa = PBXBuildFile; fileRef = BA49A0CE1DF7253900BDDFAD /* groups.png */; };
		BA5957CA1DF6C47F00E549E2 /* GroupContacts.swift in Sources */ = {isa = PBXBuildFile; fileRef = BA5957C91DF6C47F00E549E2 /* GroupContacts.swift */; };
		BA5957CC1DF6D0B000E549E2 /* Main.storyboard in Resources */ = {isa = PBXBuildFile; fileRef = BA5957CB1DF6D0B000E549E2 /* Main.storyboard */; };
		BA5C1E511DF3484E00213153 /* AppDelegate.swift in Sources */ = {isa = PBXBuildFile; fileRef = BA5C1E501DF3484E00213153 /* AppDelegate.swift */; };
		BA5C1E581DF3484E00213153 /* Assets.xcassets in Resources */ = {isa = PBXBuildFile; fileRef = BA5C1E571DF3484E00213153 /* Assets.xcassets */; };
		BA5C1E5B1DF3484E00213153 /* LaunchScreen.storyboard in Resources */ = {isa = PBXBuildFile; fileRef = BA5C1E591DF3484E00213153 /* LaunchScreen.storyboard */; };
		BA5C1E631DF34FDD00213153 /* LoginViewController.swift in Sources */ = {isa = PBXBuildFile; fileRef = BA5C1E621DF34FDD00213153 /* LoginViewController.swift */; };
		BA5C1E681DF350A700213153 /* SignUpViewController.swift in Sources */ = {isa = PBXBuildFile; fileRef = BA5C1E671DF350A700213153 /* SignUpViewController.swift */; };
		BA5C1E6B1DF3544E00213153 /* GoogleService-Info.plist in Resources */ = {isa = PBXBuildFile; fileRef = BA5C1E6A1DF3544E00213153 /* GoogleService-Info.plist */; };
		BA5C1E6D1DF3548D00213153 /* AuthService.swift in Sources */ = {isa = PBXBuildFile; fileRef = BA5C1E6C1DF3548D00213153 /* AuthService.swift */; };
		BA5C1E6F1DF354B500213153 /* DataService.swift in Sources */ = {isa = PBXBuildFile; fileRef = BA5C1E6E1DF354B500213153 /* DataService.swift */; };
		BA5C1E731DF35E7D00213153 /* ContactsViewController.swift in Sources */ = {isa = PBXBuildFile; fileRef = BA5C1E721DF35E7D00213153 /* ContactsViewController.swift */; };
		BA5C1E751DF3618400213153 /* User.swift in Sources */ = {isa = PBXBuildFile; fileRef = BA5C1E741DF3618400213153 /* User.swift */; };
		BA5C1E791DF361F500213153 /* UserCell.swift in Sources */ = {isa = PBXBuildFile; fileRef = BA5C1E781DF361F500213153 /* UserCell.swift */; };
		BA6456A91DF51D7A0081BE7F /* ChatUser.swift in Sources */ = {isa = PBXBuildFile; fileRef = BA6456A81DF51D7A0081BE7F /* ChatUser.swift */; };
		BAF497A21DF71B7100119E16 /* RoundedButton.swift in Sources */ = {isa = PBXBuildFile; fileRef = BAF497A01DF71B7100119E16 /* RoundedButton.swift */; };
		BAF497A31DF71B7100119E16 /* RoundTextField.swift in Sources */ = {isa = PBXBuildFile; fileRef = BAF497A11DF71B7100119E16 /* RoundTextField.swift */; };
		D240A4406EA3DC71DC2D6329 /* Pods_ChatZ.framework in Frameworks */ = {isa = PBXBuildFile; fileRef = DD21D00C6281CD8FCB25F1F8 /* Pods_ChatZ.framework */; };
/* End PBXBuildFile section */

/* Begin PBXFileReference section */
		62D600AC565F259086FADEA5 /* Pods-ChatZ.release.xcconfig */ = {isa = PBXFileReference; includeInIndex = 1; lastKnownFileType = text.xcconfig; name = "Pods-ChatZ.release.xcconfig"; path = "Pods/Target Support Files/Pods-ChatZ/Pods-ChatZ.release.xcconfig"; sourceTree = "<group>"; };
		BA12D9911DF5787700EB89C5 /* RegisterGroupViewController.swift */ = {isa = PBXFileReference; fileEncoding = 4; lastKnownFileType = sourcecode.swift; path = RegisterGroupViewController.swift; sourceTree = "<group>"; };
		BA12D9931DF5859F00EB89C5 /* Group.swift */ = {isa = PBXFileReference; fileEncoding = 4; lastKnownFileType = sourcecode.swift; path = Group.swift; sourceTree = "<group>"; };
		BA1E81841DF3D4BC009C4A72 /* Users.swift */ = {isa = PBXFileReference; fileEncoding = 4; lastKnownFileType = sourcecode.swift; path = Users.swift; sourceTree = "<group>"; };
		BA1E81861DF40591009C4A72 /* UserData.swift */ = {isa = PBXFileReference; fileEncoding = 4; lastKnownFileType = sourcecode.swift; path = UserData.swift; sourceTree = "<group>"; };
		BA34526F1DF44A70005A7663 /* ChatViewController.swift */ = {isa = PBXFileReference; fileEncoding = 4; lastKnownFileType = sourcecode.swift; path = ChatViewController.swift; sourceTree = "<group>"; };
		BA49A0CE1DF7253900BDDFAD /* groups.png */ = {isa = PBXFileReference; lastKnownFileType = image.png; path = groups.png; sourceTree = "<group>"; };
		BA5957C91DF6C47F00E549E2 /* GroupContacts.swift */ = {isa = PBXFileReference; fileEncoding = 4; lastKnownFileType = sourcecode.swift; path = GroupContacts.swift; sourceTree = "<group>"; };
		BA5957CB1DF6D0B000E549E2 /* Main.storyboard */ = {isa = PBXFileReference; fileEncoding = 4; lastKnownFileType = file.storyboard; path = Main.storyboard; sourceTree = "<group>"; };
		BA5C1E4D1DF3484E00213153 /* ChatZ.app */ = {isa = PBXFileReference; explicitFileType = wrapper.application; includeInIndex = 0; path = ChatZ.app; sourceTree = BUILT_PRODUCTS_DIR; };
		BA5C1E501DF3484E00213153 /* AppDelegate.swift */ = {isa = PBXFileReference; lastKnownFileType = sourcecode.swift; path = AppDelegate.swift; sourceTree = "<group>"; };
		BA5C1E571DF3484E00213153 /* Assets.xcassets */ = {isa = PBXFileReference; lastKnownFileType = folder.assetcatalog; path = Assets.xcassets; sourceTree = "<group>"; };
		BA5C1E5A1DF3484E00213153 /* Base */ = {isa = PBXFileReference; lastKnownFileType = file.storyboard; name = Base; path = Base.lproj/LaunchScreen.storyboard; sourceTree = "<group>"; };
		BA5C1E5C1DF3484E00213153 /* Info.plist */ = {isa = PBXFileReference; lastKnownFileType = text.plist.xml; path = Info.plist; sourceTree = "<group>"; };
		BA5C1E621DF34FDD00213153 /* LoginViewController.swift */ = {isa = PBXFileReference; fileEncoding = 4; lastKnownFileType = sourcecode.swift; path = LoginViewController.swift; sourceTree = "<group>"; };
		BA5C1E671DF350A700213153 /* SignUpViewController.swift */ = {isa = PBXFileReference; fileEncoding = 4; lastKnownFileType = sourcecode.swift; path = SignUpViewController.swift; sourceTree = "<group>"; };
		BA5C1E6A1DF3544E00213153 /* GoogleService-Info.plist */ = {isa = PBXFileReference; fileEncoding = 4; lastKnownFileType = text.plist.xml; path = "GoogleService-Info.plist"; sourceTree = "<group>"; };
		BA5C1E6C1DF3548D00213153 /* AuthService.swift */ = {isa = PBXFileReference; fileEncoding = 4; lastKnownFileType = sourcecode.swift; path = AuthService.swift; sourceTree = "<group>"; };
		BA5C1E6E1DF354B500213153 /* DataService.swift */ = {isa = PBXFileReference; fileEncoding = 4; lastKnownFileType = sourcecode.swift; path = DataService.swift; sourceTree = "<group>"; };
		BA5C1E721DF35E7D00213153 /* ContactsViewController.swift */ = {isa = PBXFileReference; fileEncoding = 4; lastKnownFileType = sourcecode.swift; path = ContactsViewController.swift; sourceTree = "<group>"; };
		BA5C1E741DF3618400213153 /* User.swift */ = {isa = PBXFileReference; fileEncoding = 4; lastKnownFileType = sourcecode.swift; path = User.swift; sourceTree = "<group>"; };
		BA5C1E781DF361F500213153 /* UserCell.swift */ = {isa = PBXFileReference; fileEncoding = 4; lastKnownFileType = sourcecode.swift; path = UserCell.swift; sourceTree = "<group>"; };
		BA6456A81DF51D7A0081BE7F /* ChatUser.swift */ = {isa = PBXFileReference; fileEncoding = 4; lastKnownFileType = sourcecode.swift; path = ChatUser.swift; sourceTree = "<group>"; };
		BAF497A01DF71B7100119E16 /* RoundedButton.swift */ = {isa = PBXFileReference; fileEncoding = 4; lastKnownFileType = sourcecode.swift; path = RoundedButton.swift; sourceTree = "<group>"; };
		BAF497A11DF71B7100119E16 /* RoundTextField.swift */ = {isa = PBXFileReference; fileEncoding = 4; lastKnownFileType = sourcecode.swift; path = RoundTextField.swift; sourceTree = "<group>"; };
		DD21D00C6281CD8FCB25F1F8 /* Pods_ChatZ.framework */ = {isa = PBXFileReference; explicitFileType = wrapper.framework; includeInIndex = 0; path = Pods_ChatZ.framework; sourceTree = BUILT_PRODUCTS_DIR; };
		E95B391316F1E34762CD8668 /* Pods-ChatZ.debug.xcconfig */ = {isa = PBXFileReference; includeInIndex = 1; lastKnownFileType = text.xcconfig; name = "Pods-ChatZ.debug.xcconfig"; path = "Pods/Target Support Files/Pods-ChatZ/Pods-ChatZ.debug.xcconfig"; sourceTree = "<group>"; };
/* End PBXFileReference section */

/* Begin PBXFrameworksBuildPhase section */
		BA5C1E4A1DF3484E00213153 /* Frameworks */ = {
			isa = PBXFrameworksBuildPhase;
			buildActionMask = 2147483647;
			files = (
				D240A4406EA3DC71DC2D6329 /* Pods_ChatZ.framework in Frameworks */,
			);
			runOnlyForDeploymentPostprocessing = 0;
		};
/* End PBXFrameworksBuildPhase section */

/* Begin PBXGroup section */
		BA49A0D01DF72ADD00BDDFAD /* CustomUI */ = {
			isa = PBXGroup;
			children = (
				BAF497A01DF71B7100119E16 /* RoundedButton.swift */,
				BAF497A11DF71B7100119E16 /* RoundTextField.swift */,
			);
			name = CustomUI;
			sourceTree = "<group>";
		};
		BA5C1E441DF3484E00213153 = {
			isa = PBXGroup;
			children = (
				BA5C1E4F1DF3484E00213153 /* ChatZ */,
				BA5C1E4E1DF3484E00213153 /* Products */,
				F7D463A7401B90F80535964B /* Pods */,
				C9AE1733891C10FB9D632BF1 /* Frameworks */,
			);
			sourceTree = "<group>";
		};
		BA5C1E4E1DF3484E00213153 /* Products */ = {
			isa = PBXGroup;
			children = (
				BA5C1E4D1DF3484E00213153 /* ChatZ.app */,
			);
			name = Products;
			sourceTree = "<group>";
		};
		BA5C1E4F1DF3484E00213153 /* ChatZ */ = {
			isa = PBXGroup;
			children = (
				BA5C1E691DF3541600213153 /* Services & Constants */,
				BA5C1E641DF3505300213153 /* Model */,
				BA5C1E651DF3505C00213153 /* View */,
				BA5C1E661DF3506500213153 /* Controller */,
				BA5C1E501DF3484E00213153 /* AppDelegate.swift */,
				BA5957CB1DF6D0B000E549E2 /* Main.storyboard */,
				BA5C1E571DF3484E00213153 /* Assets.xcassets */,
				BA49A0CE1DF7253900BDDFAD /* groups.png */,
				BA5C1E591DF3484E00213153 /* LaunchScreen.storyboard */,
				BA5C1E5C1DF3484E00213153 /* Info.plist */,
			);
			path = ChatZ;
			sourceTree = "<group>";
		};
		BA5C1E641DF3505300213153 /* Model */ = {
			isa = PBXGroup;
			children = (
				BA5C1E741DF3618400213153 /* User.swift */,
				BA1E81861DF40591009C4A72 /* UserData.swift */,
				BA6456A81DF51D7A0081BE7F /* ChatUser.swift */,
				BA12D9931DF5859F00EB89C5 /* Group.swift */,
				BA5957C91DF6C47F00E549E2 /* GroupContacts.swift */,
			);
			name = Model;
			sourceTree = "<group>";
		};
		BA5C1E651DF3505C00213153 /* View */ = {
			isa = PBXGroup;
			children = (
				BA5C1E781DF361F500213153 /* UserCell.swift */,
				BA49A0D01DF72ADD00BDDFAD /* CustomUI */,
			);
			name = View;
			sourceTree = "<group>";
		};
		BA5C1E661DF3506500213153 /* Controller */ = {
			isa = PBXGroup;
			children = (
				BA5C1E621DF34FDD00213153 /* LoginViewController.swift */,
				BA5C1E671DF350A700213153 /* SignUpViewController.swift */,
				BA12D9911DF5787700EB89C5 /* RegisterGroupViewController.swift */,
				BA5C1E721DF35E7D00213153 /* ContactsViewController.swift */,
				BA34526F1DF44A70005A7663 /* ChatViewController.swift */,
			);
			name = Controller;
			sourceTree = "<group>";
		};
		BA5C1E691DF3541600213153 /* Services & Constants */ = {
			isa = PBXGroup;
			children = (
				BA5C1E6A1DF3544E00213153 /* GoogleService-Info.plist */,
				BA5C1E6E1DF354B500213153 /* DataService.swift */,
				BA5C1E6C1DF3548D00213153 /* AuthService.swift */,
				BA1E81841DF3D4BC009C4A72 /* Users.swift */,
			);
			name = "Services & Constants";
			sourceTree = "<group>";
		};
		C9AE1733891C10FB9D632BF1 /* Frameworks */ = {
			isa = PBXGroup;
			children = (
				DD21D00C6281CD8FCB25F1F8 /* Pods_ChatZ.framework */,
			);
			name = Frameworks;
			sourceTree = "<group>";
		};
		F7D463A7401B90F80535964B /* Pods */ = {
			isa = PBXGroup;
			children = (
				E95B391316F1E34762CD8668 /* Pods-ChatZ.debug.xcconfig */,
				62D600AC565F259086FADEA5 /* Pods-ChatZ.release.xcconfig */,
			);
			name = Pods;
			sourceTree = "<group>";
		};
/* End PBXGroup section */

/* Begin PBXNativeTarget section */
		BA5C1E4C1DF3484E00213153 /* ChatZ */ = {
			isa = PBXNativeTarget;
			buildConfigurationList = BA5C1E5F1DF3484E00213153 /* Build configuration list for PBXNativeTarget "ChatZ" */;
			buildPhases = (
				B21409B8DF0CA9A34856EEED /* [CP] Check Pods Manifest.lock */,
				BA5C1E491DF3484E00213153 /* Sources */,
				BA5C1E4A1DF3484E00213153 /* Frameworks */,
				BA5C1E4B1DF3484E00213153 /* Resources */,
				C093EF315EF55EC9E3C6C945 /* [CP] Embed Pods Frameworks */,
				881B311370653BF59ADEC758 /* [CP] Copy Pods Resources */,
			);
			buildRules = (
			);
			dependencies = (
			);
			name = ChatZ;
			productName = ChatZ;
			productReference = BA5C1E4D1DF3484E00213153 /* ChatZ.app */;
			productType = "com.apple.product-type.application";
		};
/* End PBXNativeTarget section */

/* Begin PBXProject section */
		BA5C1E451DF3484E00213153 /* Project object */ = {
			isa = PBXProject;
			attributes = {
				LastSwiftUpdateCheck = 0810;
				LastUpgradeCheck = 0810;
				ORGANIZATIONNAME = "IOS Course Projectvb";
				TargetAttributes = {
					BA5C1E4C1DF3484E00213153 = {
						CreatedOnToolsVersion = 8.1;
						ProvisioningStyle = Automatic;
					};
				};
			};
			buildConfigurationList = BA5C1E481DF3484E00213153 /* Build configuration list for PBXProject "ChatZ" */;
			compatibilityVersion = "Xcode 3.2";
			developmentRegion = English;
			hasScannedForEncodings = 0;
			knownRegions = (
				en,
				Base,
			);
			mainGroup = BA5C1E441DF3484E00213153;
			productRefGroup = BA5C1E4E1DF3484E00213153 /* Products */;
			projectDirPath = "";
			projectRoot = "";
			targets = (
				BA5C1E4C1DF3484E00213153 /* ChatZ */,
			);
		};
/* End PBXProject section */

/* Begin PBXResourcesBuildPhase section */
		BA5C1E4B1DF3484E00213153 /* Resources */ = {
			isa = PBXResourcesBuildPhase;
			buildActionMask = 2147483647;
			files = (
				BA5C1E5B1DF3484E00213153 /* LaunchScreen.storyboard in Resources */,
				BA5C1E6B1DF3544E00213153 /* GoogleService-Info.plist in Resources */,
				BA5C1E581DF3484E00213153 /* Assets.xcassets in Resources */,
				BA5957CC1DF6D0B000E549E2 /* Main.storyboard in Resources */,
				BA49A0CF1DF7253900BDDFAD /* groups.png in Resources */,
			);
			runOnlyForDeploymentPostprocessing = 0;
		};
/* End PBXResourcesBuildPhase section */

/* Begin PBXShellScriptBuildPhase section */
		881B311370653BF59ADEC758 /* [CP] Copy Pods Resources */ = {
			isa = PBXShellScriptBuildPhase;
			buildActionMask = 2147483647;
			files = (
			);
			inputPaths = (
			);
			name = "[CP] Copy Pods Resources";
			outputPaths = (
			);
			runOnlyForDeploymentPostprocessing = 0;
			shellPath = /bin/sh;
			shellScript = "\"${SRCROOT}/Pods/Target Support Files/Pods-ChatZ/Pods-ChatZ-resources.sh\"\n";
			showEnvVarsInLog = 0;
		};
		B21409B8DF0CA9A34856EEED /* [CP] Check Pods Manifest.lock */ = {
			isa = PBXShellScriptBuildPhase;
			buildActionMask = 2147483647;
			files = (
			);
			inputPaths = (
			);
			name = "[CP] Check Pods Manifest.lock";
			outputPaths = (
			);
			runOnlyForDeploymentPostprocessing = 0;
			shellPath = /bin/sh;
			shellScript = "diff \"${PODS_ROOT}/../Podfile.lock\" \"${PODS_ROOT}/Manifest.lock\" > /dev/null\nif [ $? != 0 ] ; then\n    # print error to STDERR\n    echo \"error: The sandbox is not in sync with the Podfile.lock. Run 'pod install' or update your CocoaPods installation.\" >&2\n    exit 1\nfi\n";
			showEnvVarsInLog = 0;
		};
		C093EF315EF55EC9E3C6C945 /* [CP] Embed Pods Frameworks */ = {
			isa = PBXShellScriptBuildPhase;
			buildActionMask = 2147483647;
			files = (
			);
			inputPaths = (
			);
			name = "[CP] Embed Pods Frameworks";
			outputPaths = (
			);
			runOnlyForDeploymentPostprocessing = 0;
			shellPath = /bin/sh;
			shellScript = "\"${SRCROOT}/Pods/Target Support Files/Pods-ChatZ/Pods-ChatZ-frameworks.sh\"\n";
			showEnvVarsInLog = 0;
		};
/* End PBXShellScriptBuildPhase section */

/* Begin PBXSourcesBuildPhase section */
		BA5C1E491DF3484E00213153 /* Sources */ = {
			isa = PBXSourcesBuildPhase;
			buildActionMask = 2147483647;
			files = (
				BA5957CA1DF6C47F00E549E2 /* GroupContacts.swift in Sources */,
				BA1E81871DF40591009C4A72 /* UserData.swift in Sources */,
				BA1E81851DF3D4BC009C4A72 /* Users.swift in Sources */,
				BA12D9941DF5859F00EB89C5 /* Group.swift in Sources */,
				BA5C1E791DF361F500213153 /* UserCell.swift in Sources */,
				BA5C1E681DF350A700213153 /* SignUpViewController.swift in Sources */,
				BA5C1E631DF34FDD00213153 /* LoginViewController.swift in Sources */,
				BA5C1E511DF3484E00213153 /* AppDelegate.swift in Sources */,
				BA5C1E6D1DF3548D00213153 /* AuthService.swift in Sources */,
				BA12D9921DF5787700EB89C5 /* RegisterGroupViewController.swift in Sources */,
				BA6456A91DF51D7A0081BE7F /* ChatUser.swift in Sources */,
				BAF497A31DF71B7100119E16 /* RoundTextField.swift in Sources */,
				BAF497A21DF71B7100119E16 /* RoundedButton.swift in Sources */,
				BA5C1E6F1DF354B500213153 /* DataService.swift in Sources */,
				BA5C1E731DF35E7D00213153 /* ContactsViewController.swift in Sources */,
				BA3452701DF44A70005A7663 /* ChatViewController.swift in Sources */,
				BA5C1E751DF3618400213153 /* User.swift in Sources */,
			);
			runOnlyForDeploymentPostprocessing = 0;
		};
/* End PBXSourcesBuildPhase section */

/* Begin PBXVariantGroup section */
		BA5C1E591DF3484E00213153 /* LaunchScreen.storyboard */ = {
			isa = PBXVariantGroup;
			children = (
				BA5C1E5A1DF3484E00213153 /* Base */,
			);
			name = LaunchScreen.storyboard;
			sourceTree = "<group>";
		};
/* End PBXVariantGroup section */

/* Begin XCBuildConfiguration section */
		BA5C1E5D1DF3484E00213153 /* Debug */ = {
			isa = XCBuildConfiguration;
			buildSettings = {
				ALWAYS_SEARCH_USER_PATHS = NO;
				CLANG_ANALYZER_NONNULL = YES;
				CLANG_CXX_LANGUAGE_STANDARD = "gnu++0x";
				CLANG_CXX_LIBRARY = "libc++";
				CLANG_ENABLE_MODULES = YES;
				CLANG_ENABLE_OBJC_ARC = YES;
				CLANG_WARN_BOOL_CONVERSION = YES;
				CLANG_WARN_CONSTANT_CONVERSION = YES;
				CLANG_WARN_DIRECT_OBJC_ISA_USAGE = YES_ERROR;
				CLANG_WARN_DOCUMENTATION_COMMENTS = YES;
				CLANG_WARN_EMPTY_BODY = YES;
				CLANG_WARN_ENUM_CONVERSION = YES;
				CLANG_WARN_INFINITE_RECURSION = YES;
				CLANG_WARN_INT_CONVERSION = YES;
				CLANG_WARN_OBJC_ROOT_CLASS = YES_ERROR;
				CLANG_WARN_SUSPICIOUS_MOVE = YES;
				CLANG_WARN_SUSPICIOUS_MOVES = YES;
				CLANG_WARN_UNREACHABLE_CODE = YES;
				CLANG_WARN__DUPLICATE_METHOD_MATCH = YES;
				"CODE_SIGN_IDENTITY[sdk=iphoneos*]" = "iPhone Developer";
				COPY_PHASE_STRIP = NO;
				DEBUG_INFORMATION_FORMAT = dwarf;
				ENABLE_STRICT_OBJC_MSGSEND = YES;
				ENABLE_TESTABILITY = YES;
				GCC_C_LANGUAGE_STANDARD = gnu99;
				GCC_DYNAMIC_NO_PIC = NO;
				GCC_NO_COMMON_BLOCKS = YES;
				GCC_OPTIMIZATION_LEVEL = 0;
				GCC_PREPROCESSOR_DEFINITIONS = (
					"DEBUG=1",
					"$(inherited)",
				);
				GCC_WARN_64_TO_32_BIT_CONVERSION = YES;
				GCC_WARN_ABOUT_RETURN_TYPE = YES_ERROR;
				GCC_WARN_UNDECLARED_SELECTOR = YES;
				GCC_WARN_UNINITIALIZED_AUTOS = YES_AGGRESSIVE;
				GCC_WARN_UNUSED_FUNCTION = YES;
				GCC_WARN_UNUSED_VARIABLE = YES;
				IPHONEOS_DEPLOYMENT_TARGET = 10.1;
				MTL_ENABLE_DEBUG_INFO = YES;
				ONLY_ACTIVE_ARCH = YES;
				SDKROOT = iphoneos;
				SWIFT_ACTIVE_COMPILATION_CONDITIONS = DEBUG;
				SWIFT_OPTIMIZATION_LEVEL = "-Onone";
				TARGETED_DEVICE_FAMILY = "1,2";
			};
			name = Debug;
		};
		BA5C1E5E1DF3484E00213153 /* Release */ = {
			isa = XCBuildConfiguration;
			buildSettings = {
				ALWAYS_SEARCH_USER_PATHS = NO;
				CLANG_ANALYZER_NONNULL = YES;
				CLANG_CXX_LANGUAGE_STANDARD = "gnu++0x";
				CLANG_CXX_LIBRARY = "libc++";
				CLANG_ENABLE_MODULES = YES;
				CLANG_ENABLE_OBJC_ARC = YES;
				CLANG_WARN_BOOL_CONVERSION = YES;
				CLANG_WARN_CONSTANT_CONVERSION = YES;
				CLANG_WARN_DIRECT_OBJC_ISA_USAGE = YES_ERROR;
				CLANG_WARN_DOCUMENTATION_COMMENTS = YES;
				CLANG_WARN_EMPTY_BODY = YES;
				CLANG_WARN_ENUM_CONVERSION = YES;
				CLANG_WARN_INFINITE_RECURSION = YES;
				CLANG_WARN_INT_CONVERSION = YES;
				CLANG_WARN_OBJC_ROOT_CLASS = YES_ERROR;
				CLANG_WARN_SUSPICIOUS_MOVE = YES;
				CLANG_WARN_SUSPICIOUS_MOVES = YES;
				CLANG_WARN_UNREACHABLE_CODE = YES;
				CLANG_WARN__DUPLICATE_METHOD_MATCH = YES;
				"CODE_SIGN_IDENTITY[sdk=iphoneos*]" = "iPhone Developer";
				COPY_PHASE_STRIP = NO;
				DEBUG_INFORMATION_FORMAT = "dwarf-with-dsym";
				ENABLE_NS_ASSERTIONS = NO;
				ENABLE_STRICT_OBJC_MSGSEND = YES;
				GCC_C_LANGUAGE_STANDARD = gnu99;
				GCC_NO_COMMON_BLOCKS = YES;
				GCC_WARN_64_TO_32_BIT_CONVERSION = YES;
				GCC_WARN_ABOUT_RETURN_TYPE = YES_ERROR;
				GCC_WARN_UNDECLARED_SELECTOR = YES;
				GCC_WARN_UNINITIALIZED_AUTOS = YES_AGGRESSIVE;
				GCC_WARN_UNUSED_FUNCTION = YES;
				GCC_WARN_UNUSED_VARIABLE = YES;
				IPHONEOS_DEPLOYMENT_TARGET = 10.1;
				MTL_ENABLE_DEBUG_INFO = NO;
				SDKROOT = iphoneos;
				SWIFT_OPTIMIZATION_LEVEL = "-Owholemodule";
				TARGETED_DEVICE_FAMILY = "1,2";
				VALIDATE_PRODUCT = YES;
			};
			name = Release;
		};
		BA5C1E601DF3484E00213153 /* Debug */ = {
			isa = XCBuildConfiguration;
			baseConfigurationReference = E95B391316F1E34762CD8668 /* Pods-ChatZ.debug.xcconfig */;
			buildSettings = {
				ALWAYS_EMBED_SWIFT_STANDARD_LIBRARIES = YES;
				ASSETCATALOG_COMPILER_APPICON_NAME = AppIcon;
				INFOPLIST_FILE = ChatZ/Info.plist;
				LD_RUNPATH_SEARCH_PATHS = "$(inherited) @executable_path/Frameworks";
				PRODUCT_BUNDLE_IDENTIFIER = IOS.ChatZ;
				PRODUCT_NAME = "$(TARGET_NAME)";
				SWIFT_OBJC_BRIDGING_HEADER = "";
				SWIFT_VERSION = 3.0;
			};
			name = Debug;
		};
		BA5C1E611DF3484E00213153 /* Release */ = {
			isa = XCBuildConfiguration;
			baseConfigurationReference = 62D600AC565F259086FADEA5 /* Pods-ChatZ.release.xcconfig */;
			buildSettings = {
				ALWAYS_EMBED_SWIFT_STANDARD_LIBRARIES = YES;
				ASSETCATALOG_COMPILER_APPICON_NAME = AppIcon;
				INFOPLIST_FILE = ChatZ/Info.plist;
				LD_RUNPATH_SEARCH_PATHS = "$(inherited) @executable_path/Frameworks";
				PRODUCT_BUNDLE_IDENTIFIER = IOS.ChatZ;
				PRODUCT_NAME = "$(TARGET_NAME)";
				SWIFT_OBJC_BRIDGING_HEADER = "";
				SWIFT_VERSION = 3.0;
			};
			name = Release;
		};
/* End XCBuildConfiguration section */

/* Begin XCConfigurationList section */
		BA5C1E481DF3484E00213153 /* Build configuration list for PBXProject "ChatZ" */ = {
			isa = XCConfigurationList;
			buildConfigurations = (
				BA5C1E5D1DF3484E00213153 /* Debug */,
				BA5C1E5E1DF3484E00213153 /* Release */,
			);
			defaultConfigurationIsVisible = 0;
			defaultConfigurationName = Release;
		};
		BA5C1E5F1DF3484E00213153 /* Build configuration list for PBXNativeTarget "ChatZ" */ = {
			isa = XCConfigurationList;
			buildConfigurations = (
				BA5C1E601DF3484E00213153 /* Debug */,
				BA5C1E611DF3484E00213153 /* Release */,
			);
			defaultConfigurationIsVisible = 0;
			defaultConfigurationName = Release;
		};
/* End XCConfigurationList section */
	};
	rootObject = BA5C1E451DF3484E00213153 /* Project object */;
}
